
Microsoft Visual Studio Solution File, Format Version 12.00
# Visual Studio Version 16
VisualStudioVersion = 16.0.30523.141
MinimumVisualStudioVersion = 10.0.40219.1
Project("{FAE04EC0-301F-11D3-BF4B-00C04F79EFBC}") = "Lab6", "Lab6\Lab6.csproj", "{448FEC9F-F18F-464F-918A-9B75BED2FFBB}"
EndProject
Project("{FAE04EC0-301F-11D3-BF4B-00C04F79EFBC}") = "Lab5", "C:\Users\user\source\repos\Lab4\Lab5.csproj", "{3CE686CF-252A-40B7-876A-B7479767A8EE}"
EndProject
Global
	GlobalSection(SolutionConfigurationPlatforms) = preSolution
		Debug|Any CPU = Debug|Any CPU
		Release|Any CPU = Release|Any CPU
	EndGlobalSection
	GlobalSection(ProjectConfigurationPlatforms) = postSolution
		{448FEC9F-F18F-464F-918A-9B75BED2FFBB}.Debug|Any CPU.ActiveCfg = Debug|Any CPU
		{448FEC9F-F18F-464F-918A-9B75BED2FFBB}.Debug|Any CPU.Build.0 = Debug|Any CPU
		{448FEC9F-F18F-464F-918A-9B75BED2FFBB}.Release|Any CPU.ActiveCfg = Release|Any CPU
		{448FEC9F-F18F-464F-918A-9B75BED2FFBB}.Release|Any CPU.Build.0 = Release|Any CPU
		{3CE686CF-252A-40B7-876A-B7479767A8EE}.Debug|Any CPU.ActiveCfg = Debug|Any CPU
		{3CE686CF-252A-40B7-876A-B7479767A8EE}.Debug|Any CPU.Build.0 = Debug|Any CPU
		{3CE686CF-252A-40B7-876A-B7479767A8EE}.Release|Any CPU.ActiveCfg = Release|Any CPU
		{3CE686CF-252A-40B7-876A-B7479767A8EE}.Release|Any CPU.Build.0 = Release|Any CPU
	EndGlobalSection
	GlobalSection(SolutionProperties) = preSolution
		HideSolutionNode = FALSE
	EndGlobalSection
	GlobalSection(ExtensibilityGlobals) = postSolution
		SolutionGuid = {13183CB6-9C33-4644-8C73-96E4339D271D}
	EndGlobalSection
EndGlobal
